// !$*UTF8*$!
{
	archiveVersion = 1;
	classes = {
	};
	objectVersion = 55;
	objects = {

/* Begin PBXBuildFile section */
		0BE852CBE30F838A192A8D10 /* Pods_MyProduct.framework in Frameworks */ = {isa = PBXBuildFile; fileRef = E653646C53885ABB740175C7 /* Pods_MyProduct.framework */; };
		2E993F9428C835A500C09DAB /* LocalNotificationManager.m in Sources */ = {isa = PBXBuildFile; fileRef = 2E993F9328C835A500C09DAB /* LocalNotificationManager.m */; };
		2E993F9828C83EAB00C09DAB /* CommonTools.m in Sources */ = {isa = PBXBuildFile; fileRef = 2E993F9728C83EAB00C09DAB /* CommonTools.m */; };
		2E9B00D128C9BF36005315AF /* BaseViewController.m in Sources */ = {isa = PBXBuildFile; fileRef = 2E9B00D028C9BF36005315AF /* BaseViewController.m */; };
		2E9B00D528C9C264005315AF /* NavigationView.m in Sources */ = {isa = PBXBuildFile; fileRef = 2E9B00D428C9C264005315AF /* NavigationView.m */; };
		2E9B00D728C9C27A005315AF /* NavigationView.xib in Resources */ = {isa = PBXBuildFile; fileRef = 2E9B00D628C9C27A005315AF /* NavigationView.xib */; };
		2E9B00DD28C9CF49005315AF /* TabbarViewController.m in Sources */ = {isa = PBXBuildFile; fileRef = 2E9B00DC28C9CF49005315AF /* TabbarViewController.m */; };
		2EB3F9EB28C5F9D100026ACE /* AppDelegate.m in Sources */ = {isa = PBXBuildFile; fileRef = 2EB3F9EA28C5F9D100026ACE /* AppDelegate.m */; };
		2EB3F9F128C5F9D100026ACE /* ViewController.m in Sources */ = {isa = PBXBuildFile; fileRef = 2EB3F9F028C5F9D100026ACE /* ViewController.m */; };
		2EB3F9F428C5F9D100026ACE /* Main.storyboard in Resources */ = {isa = PBXBuildFile; fileRef = 2EB3F9F228C5F9D100026ACE /* Main.storyboard */; };
		2EB3F9F628C5F9D300026ACE /* Assets.xcassets in Resources */ = {isa = PBXBuildFile; fileRef = 2EB3F9F528C5F9D300026ACE /* Assets.xcassets */; };
		2EB3F9F928C5F9D300026ACE /* LaunchScreen.storyboard in Resources */ = {isa = PBXBuildFile; fileRef = 2EB3F9F728C5F9D300026ACE /* LaunchScreen.storyboard */; };
		2EB3F9FC28C5F9D300026ACE /* main.m in Sources */ = {isa = PBXBuildFile; fileRef = 2EB3F9FB28C5F9D300026ACE /* main.m */; };
		2EB3FA0628C5F9D300026ACE /* MyProductTests.m in Sources */ = {isa = PBXBuildFile; fileRef = 2EB3FA0528C5F9D300026ACE /* MyProductTests.m */; };
		2EB3FA1028C5F9D300026ACE /* MyProductUITests.m in Sources */ = {isa = PBXBuildFile; fileRef = 2EB3FA0F28C5F9D300026ACE /* MyProductUITests.m */; };
		2EB3FA1228C5F9D300026ACE /* MyProductUITestsLaunchTests.m in Sources */ = {isa = PBXBuildFile; fileRef = 2EB3FA1128C5F9D300026ACE /* MyProductUITestsLaunchTests.m */; };
		BB4027539D5054D4BC319620 /* Pods_MyProductTests.framework in Frameworks */ = {isa = PBXBuildFile; fileRef = 6AB4C1559C3F1C79249B88AE /* Pods_MyProductTests.framework */; };
		F4347B8828E2E23800BE1314 /* VideoFullScreenController.m in Sources */ = {isa = PBXBuildFile; fileRef = F4347B8728E2E23800BE1314 /* VideoFullScreenController.m */; };
		F4347B8F28E425D400BE1314 /* FirstViewController.m in Sources */ = {isa = PBXBuildFile; fileRef = F4347B8D28E425D400BE1314 /* FirstViewController.m */; };
		F4347B9028E425D400BE1314 /* FirstViewController.xib in Resources */ = {isa = PBXBuildFile; fileRef = F4347B8E28E425D400BE1314 /* FirstViewController.xib */; };
		F439027228F664160008F38D /* BLEViewController.m in Sources */ = {isa = PBXBuildFile; fileRef = F439027028F664160008F38D /* BLEViewController.m */; };
		F439027328F664160008F38D /* BLEViewController.xib in Resources */ = {isa = PBXBuildFile; fileRef = F439027128F664160008F38D /* BLEViewController.xib */; };
		F439027628F664C80008F38D /* BLEManager.m in Sources */ = {isa = PBXBuildFile; fileRef = F439027528F664C80008F38D /* BLEManager.m */; };
		F443716828E4378200D9E97A /* BaseNavigationController.m in Sources */ = {isa = PBXBuildFile; fileRef = F443716728E4378200D9E97A /* BaseNavigationController.m */; };
		F4692F1A28CAD54600FFE527 /* NetworkTools.m in Sources */ = {isa = PBXBuildFile; fileRef = F4692F1928CAD54600FFE527 /* NetworkTools.m */; };
		F4692F2028CB1D1900FFE527 /* HomeView.m in Sources */ = {isa = PBXBuildFile; fileRef = F4692F1F28CB1D1900FFE527 /* HomeView.m */; };
		F4692F2728CB23F000FFE527 /* LaunchViewController.m in Sources */ = {isa = PBXBuildFile; fileRef = F4692F2628CB23F000FFE527 /* LaunchViewController.m */; };
		F46FE4F328F931B50098CBE3 /* CrashManager.swift in Sources */ = {isa = PBXBuildFile; fileRef = F46FE4EA28F931B40098CBE3 /* CrashManager.swift */; };
		F46FE4F428F931B50098CBE3 /* SlideAdressTool.m in Sources */ = {isa = PBXBuildFile; fileRef = F46FE4EB28F931B40098CBE3 /* SlideAdressTool.m */; };
		F46FE4F528F931B50098CBE3 /* crashNSExceptionManager.swift in Sources */ = {isa = PBXBuildFile; fileRef = F46FE4EC28F931B40098CBE3 /* crashNSExceptionManager.swift */; };
		F46FE4F628F931B50098CBE3 /* crashSignalManager.swift in Sources */ = {isa = PBXBuildFile; fileRef = F46FE4EE28F931B40098CBE3 /* crashSignalManager.swift */; };
		F46FE4FA28F9361B0098CBE3 /* CrashViewController.swift in Sources */ = {isa = PBXBuildFile; fileRef = F46FE4F928F9361B0098CBE3 /* CrashViewController.swift */; };
		F4812BB328D1816A009D15A4 /* UIView+MLExtension.m in Sources */ = {isa = PBXBuildFile; fileRef = F4812BB128D1816A009D15A4 /* UIView+MLExtension.m */; };
		FDA803EC114F2D19D74D6DC2 /* Pods_MyProduct_MyProductUITests.framework in Frameworks */ = {isa = PBXBuildFile; fileRef = 56F67DE5C89BC6EFA8F0D5AA /* Pods_MyProduct_MyProductUITests.framework */; };
/* End PBXBuildFile section */

/* Begin PBXContainerItemProxy section */
		2EB3FA0228C5F9D300026ACE /* PBXContainerItemProxy */ = {
			isa = PBXContainerItemProxy;
			containerPortal = 2EB3F9DE28C5F9D100026ACE /* Project object */;
			proxyType = 1;
			remoteGlobalIDString = 2EB3F9E528C5F9D100026ACE;
			remoteInfo = MyProduct;
		};
		2EB3FA0C28C5F9D300026ACE /* PBXContainerItemProxy */ = {
			isa = PBXContainerItemProxy;
			containerPortal = 2EB3F9DE28C5F9D100026ACE /* Project object */;
			proxyType = 1;
			remoteGlobalIDString = 2EB3F9E528C5F9D100026ACE;
			remoteInfo = MyProduct;
		};
/* End PBXContainerItemProxy section */

/* Begin PBXFileReference section */
		213CE0E904630BDFE6D74D43 /* Pods-MyProduct-MyProductUITests.release.xcconfig */ = {isa = PBXFileReference; includeInIndex = 1; lastKnownFileType = text.xcconfig; name = "Pods-MyProduct-MyProductUITests.release.xcconfig"; path = "Target Support Files/Pods-MyProduct-MyProductUITests/Pods-MyProduct-MyProductUITests.release.xcconfig"; sourceTree = "<group>"; };
		2E993F9228C835A500C09DAB /* LocalNotificationManager.h */ = {isa = PBXFileReference; lastKnownFileType = sourcecode.c.h; path = LocalNotificationManager.h; sourceTree = "<group>"; };
		2E993F9328C835A500C09DAB /* LocalNotificationManager.m */ = {isa = PBXFileReference; lastKnownFileType = sourcecode.c.objc; path = LocalNotificationManager.m; sourceTree = "<group>"; };
		2E993F9628C83EAB00C09DAB /* CommonTools.h */ = {isa = PBXFileReference; lastKnownFileType = sourcecode.c.h; path = CommonTools.h; sourceTree = "<group>"; };
		2E993F9728C83EAB00C09DAB /* CommonTools.m */ = {isa = PBXFileReference; lastKnownFileType = sourcecode.c.objc; path = CommonTools.m; sourceTree = "<group>"; };
		2E9B00CF28C9BF36005315AF /* BaseViewController.h */ = {isa = PBXFileReference; lastKnownFileType = sourcecode.c.h; path = BaseViewController.h; sourceTree = "<group>"; };
		2E9B00D028C9BF36005315AF /* BaseViewController.m */ = {isa = PBXFileReference; lastKnownFileType = sourcecode.c.objc; path = BaseViewController.m; sourceTree = "<group>"; };
		2E9B00D328C9C264005315AF /* NavigationView.h */ = {isa = PBXFileReference; lastKnownFileType = sourcecode.c.h; path = NavigationView.h; sourceTree = "<group>"; };
		2E9B00D428C9C264005315AF /* NavigationView.m */ = {isa = PBXFileReference; lastKnownFileType = sourcecode.c.objc; path = NavigationView.m; sourceTree = "<group>"; };
		2E9B00D628C9C27A005315AF /* NavigationView.xib */ = {isa = PBXFileReference; lastKnownFileType = file.xib; path = NavigationView.xib; sourceTree = "<group>"; };
		2E9B00D928C9C412005315AF /* Common.h */ = {isa = PBXFileReference; lastKnownFileType = sourcecode.c.h; path = Common.h; sourceTree = "<group>"; };
		2E9B00DB28C9CF49005315AF /* TabbarViewController.h */ = {isa = PBXFileReference; lastKnownFileType = sourcecode.c.h; path = TabbarViewController.h; sourceTree = "<group>"; };
		2E9B00DC28C9CF49005315AF /* TabbarViewController.m */ = {isa = PBXFileReference; lastKnownFileType = sourcecode.c.objc; path = TabbarViewController.m; sourceTree = "<group>"; };
		2EB3F9E628C5F9D100026ACE /* MyProduct.app */ = {isa = PBXFileReference; explicitFileType = wrapper.application; includeInIndex = 0; path = MyProduct.app; sourceTree = BUILT_PRODUCTS_DIR; };
		2EB3F9E928C5F9D100026ACE /* AppDelegate.h */ = {isa = PBXFileReference; lastKnownFileType = sourcecode.c.h; path = AppDelegate.h; sourceTree = "<group>"; };
		2EB3F9EA28C5F9D100026ACE /* AppDelegate.m */ = {isa = PBXFileReference; lastKnownFileType = sourcecode.c.objc; path = AppDelegate.m; sourceTree = "<group>"; };
		2EB3F9EF28C5F9D100026ACE /* ViewController.h */ = {isa = PBXFileReference; lastKnownFileType = sourcecode.c.h; path = ViewController.h; sourceTree = "<group>"; };
		2EB3F9F028C5F9D100026ACE /* ViewController.m */ = {isa = PBXFileReference; lastKnownFileType = sourcecode.c.objc; path = ViewController.m; sourceTree = "<group>"; };
		2EB3F9F328C5F9D100026ACE /* Base */ = {isa = PBXFileReference; lastKnownFileType = file.storyboard; name = Base; path = Base.lproj/Main.storyboard; sourceTree = "<group>"; };
		2EB3F9F528C5F9D300026ACE /* Assets.xcassets */ = {isa = PBXFileReference; lastKnownFileType = folder.assetcatalog; path = Assets.xcassets; sourceTree = "<group>"; };
		2EB3F9F828C5F9D300026ACE /* Base */ = {isa = PBXFileReference; lastKnownFileType = file.storyboard; name = Base; path = Base.lproj/LaunchScreen.storyboard; sourceTree = "<group>"; };
		2EB3F9FA28C5F9D300026ACE /* Info.plist */ = {isa = PBXFileReference; lastKnownFileType = text.plist.xml; path = Info.plist; sourceTree = "<group>"; };
		2EB3F9FB28C5F9D300026ACE /* main.m */ = {isa = PBXFileReference; lastKnownFileType = sourcecode.c.objc; path = main.m; sourceTree = "<group>"; };
		2EB3FA0128C5F9D300026ACE /* MyProductTests.xctest */ = {isa = PBXFileReference; explicitFileType = wrapper.cfbundle; includeInIndex = 0; path = MyProductTests.xctest; sourceTree = BUILT_PRODUCTS_DIR; };
		2EB3FA0528C5F9D300026ACE /* MyProductTests.m */ = {isa = PBXFileReference; lastKnownFileType = sourcecode.c.objc; path = MyProductTests.m; sourceTree = "<group>"; };
		2EB3FA0B28C5F9D300026ACE /* MyProductUITests.xctest */ = {isa = PBXFileReference; explicitFileType = wrapper.cfbundle; includeInIndex = 0; path = MyProductUITests.xctest; sourceTree = BUILT_PRODUCTS_DIR; };
		2EB3FA0F28C5F9D300026ACE /* MyProductUITests.m */ = {isa = PBXFileReference; lastKnownFileType = sourcecode.c.objc; path = MyProductUITests.m; sourceTree = "<group>"; };
		2EB3FA1128C5F9D300026ACE /* MyProductUITestsLaunchTests.m */ = {isa = PBXFileReference; lastKnownFileType = sourcecode.c.objc; path = MyProductUITestsLaunchTests.m; sourceTree = "<group>"; };
		56F67DE5C89BC6EFA8F0D5AA /* Pods_MyProduct_MyProductUITests.framework */ = {isa = PBXFileReference; explicitFileType = wrapper.framework; includeInIndex = 0; path = Pods_MyProduct_MyProductUITests.framework; sourceTree = BUILT_PRODUCTS_DIR; };
		5D84E161F0E134CB208FD4A2 /* Pods-MyProductTests.debug.xcconfig */ = {isa = PBXFileReference; includeInIndex = 1; lastKnownFileType = text.xcconfig; name = "Pods-MyProductTests.debug.xcconfig"; path = "Target Support Files/Pods-MyProductTests/Pods-MyProductTests.debug.xcconfig"; sourceTree = "<group>"; };
		6AB4C1559C3F1C79249B88AE /* Pods_MyProductTests.framework */ = {isa = PBXFileReference; explicitFileType = wrapper.framework; includeInIndex = 0; path = Pods_MyProductTests.framework; sourceTree = BUILT_PRODUCTS_DIR; };
		77DCF3D832E64638CE470EAE /* Pods-MyProduct.debug.xcconfig */ = {isa = PBXFileReference; includeInIndex = 1; lastKnownFileType = text.xcconfig; name = "Pods-MyProduct.debug.xcconfig"; path = "Target Support Files/Pods-MyProduct/Pods-MyProduct.debug.xcconfig"; sourceTree = "<group>"; };
		AB274F73C803D8EAAC286310 /* Pods-MyProduct.release.xcconfig */ = {isa = PBXFileReference; includeInIndex = 1; lastKnownFileType = text.xcconfig; name = "Pods-MyProduct.release.xcconfig"; path = "Target Support Files/Pods-MyProduct/Pods-MyProduct.release.xcconfig"; sourceTree = "<group>"; };
		B9C2B3B86A378C46C91576A5 /* Pods-MyProductTests.release.xcconfig */ = {isa = PBXFileReference; includeInIndex = 1; lastKnownFileType = text.xcconfig; name = "Pods-MyProductTests.release.xcconfig"; path = "Target Support Files/Pods-MyProductTests/Pods-MyProductTests.release.xcconfig"; sourceTree = "<group>"; };
		E653646C53885ABB740175C7 /* Pods_MyProduct.framework */ = {isa = PBXFileReference; explicitFileType = wrapper.framework; includeInIndex = 0; path = Pods_MyProduct.framework; sourceTree = BUILT_PRODUCTS_DIR; };
		F4347B8628E2E23800BE1314 /* VideoFullScreenController.h */ = {isa = PBXFileReference; lastKnownFileType = sourcecode.c.h; path = VideoFullScreenController.h; sourceTree = "<group>"; };
		F4347B8728E2E23800BE1314 /* VideoFullScreenController.m */ = {isa = PBXFileReference; lastKnownFileType = sourcecode.c.objc; path = VideoFullScreenController.m; sourceTree = "<group>"; };
		F4347B8C28E425D400BE1314 /* FirstViewController.h */ = {isa = PBXFileReference; lastKnownFileType = sourcecode.c.h; path = FirstViewController.h; sourceTree = "<group>"; };
		F4347B8D28E425D400BE1314 /* FirstViewController.m */ = {isa = PBXFileReference; lastKnownFileType = sourcecode.c.objc; path = FirstViewController.m; sourceTree = "<group>"; };
		F4347B8E28E425D400BE1314 /* FirstViewController.xib */ = {isa = PBXFileReference; lastKnownFileType = file.xib; path = FirstViewController.xib; sourceTree = "<group>"; };
		F439026F28F664160008F38D /* BLEViewController.h */ = {isa = PBXFileReference; lastKnownFileType = sourcecode.c.h; path = BLEViewController.h; sourceTree = "<group>"; };
		F439027028F664160008F38D /* BLEViewController.m */ = {isa = PBXFileReference; lastKnownFileType = sourcecode.c.objc; path = BLEViewController.m; sourceTree = "<group>"; };
		F439027128F664160008F38D /* BLEViewController.xib */ = {isa = PBXFileReference; lastKnownFileType = file.xib; path = BLEViewController.xib; sourceTree = "<group>"; };
		F439027428F664C80008F38D /* BLEManager.h */ = {isa = PBXFileReference; lastKnownFileType = sourcecode.c.h; path = BLEManager.h; sourceTree = "<group>"; };
		F439027528F664C80008F38D /* BLEManager.m */ = {isa = PBXFileReference; lastKnownFileType = sourcecode.c.objc; path = BLEManager.m; sourceTree = "<group>"; };
		F443716628E4378200D9E97A /* BaseNavigationController.h */ = {isa = PBXFileReference; lastKnownFileType = sourcecode.c.h; path = BaseNavigationController.h; sourceTree = "<group>"; };
		F443716728E4378200D9E97A /* BaseNavigationController.m */ = {isa = PBXFileReference; lastKnownFileType = sourcecode.c.objc; path = BaseNavigationController.m; sourceTree = "<group>"; };
		F4692F1728CAD54600FFE527 /* Urls.h */ = {isa = PBXFileReference; fileEncoding = 4; lastKnownFileType = sourcecode.c.h; path = Urls.h; sourceTree = "<group>"; };
		F4692F1828CAD54600FFE527 /* NetworkTools.h */ = {isa = PBXFileReference; fileEncoding = 4; lastKnownFileType = sourcecode.c.h; path = NetworkTools.h; sourceTree = "<group>"; };
		F4692F1928CAD54600FFE527 /* NetworkTools.m */ = {isa = PBXFileReference; fileEncoding = 4; lastKnownFileType = sourcecode.c.objc; path = NetworkTools.m; sourceTree = "<group>"; };
		F4692F1E28CB1D1900FFE527 /* HomeView.h */ = {isa = PBXFileReference; lastKnownFileType = sourcecode.c.h; path = HomeView.h; sourceTree = "<group>"; };
		F4692F1F28CB1D1900FFE527 /* HomeView.m */ = {isa = PBXFileReference; lastKnownFileType = sourcecode.c.objc; path = HomeView.m; sourceTree = "<group>"; };
		F4692F2528CB23F000FFE527 /* LaunchViewController.h */ = {isa = PBXFileReference; lastKnownFileType = sourcecode.c.h; path = LaunchViewController.h; sourceTree = "<group>"; };
		F4692F2628CB23F000FFE527 /* LaunchViewController.m */ = {isa = PBXFileReference; lastKnownFileType = sourcecode.c.objc; path = LaunchViewController.m; sourceTree = "<group>"; };
		F46FE4E328F931780098CBE3 /* MyProduct-Bridging-Header.h */ = {isa = PBXFileReference; lastKnownFileType = sourcecode.c.h; path = "MyProduct-Bridging-Header.h"; sourceTree = "<group>"; };
		F46FE4EA28F931B40098CBE3 /* CrashManager.swift */ = {isa = PBXFileReference; fileEncoding = 4; lastKnownFileType = sourcecode.swift; path = CrashManager.swift; sourceTree = "<group>"; };
		F46FE4EB28F931B40098CBE3 /* SlideAdressTool.m */ = {isa = PBXFileReference; fileEncoding = 4; lastKnownFileType = sourcecode.c.objc; path = SlideAdressTool.m; sourceTree = "<group>"; };
		F46FE4EC28F931B40098CBE3 /* crashNSExceptionManager.swift */ = {isa = PBXFileReference; fileEncoding = 4; lastKnownFileType = sourcecode.swift; path = crashNSExceptionManager.swift; sourceTree = "<group>"; };
		F46FE4ED28F931B40098CBE3 /* SlideAdressTool.h */ = {isa = PBXFileReference; fileEncoding = 4; lastKnownFileType = sourcecode.c.h; path = SlideAdressTool.h; sourceTree = "<group>"; };
		F46FE4EE28F931B40098CBE3 /* crashSignalManager.swift */ = {isa = PBXFileReference; fileEncoding = 4; lastKnownFileType = sourcecode.swift; path = crashSignalManager.swift; sourceTree = "<group>"; };
		F46FE4F928F9361B0098CBE3 /* CrashViewController.swift */ = {isa = PBXFileReference; lastKnownFileType = sourcecode.swift; path = CrashViewController.swift; sourceTree = "<group>"; };
		F4812BB128D1816A009D15A4 /* UIView+MLExtension.m */ = {isa = PBXFileReference; lastKnownFileType = sourcecode.c.objc; path = "UIView+MLExtension.m"; sourceTree = "<group>"; };
		F4812BB228D1816A009D15A4 /* UIView+MLExtension.h */ = {isa = PBXFileReference; lastKnownFileType = sourcecode.c.h; path = "UIView+MLExtension.h"; sourceTree = "<group>"; };
		FEE53F1028D7D6B8A6493B8F /* Pods-MyProduct-MyProductUITests.debug.xcconfig */ = {isa = PBXFileReference; includeInIndex = 1; lastKnownFileType = text.xcconfig; name = "Pods-MyProduct-MyProductUITests.debug.xcconfig"; path = "Target Support Files/Pods-MyProduct-MyProductUITests/Pods-MyProduct-MyProductUITests.debug.xcconfig"; sourceTree = "<group>"; };
/* End PBXFileReference section */

/* Begin PBXFrameworksBuildPhase section */
		2EB3F9E328C5F9D100026ACE /* Frameworks */ = {
			isa = PBXFrameworksBuildPhase;
			buildActionMask = 2147483647;
			files = (
				0BE852CBE30F838A192A8D10 /* Pods_MyProduct.framework in Frameworks */,
			);
			runOnlyForDeploymentPostprocessing = 0;
		};
		2EB3F9FE28C5F9D300026ACE /* Frameworks */ = {
			isa = PBXFrameworksBuildPhase;
			buildActionMask = 2147483647;
			files = (
				BB4027539D5054D4BC319620 /* Pods_MyProductTests.framework in Frameworks */,
			);
			runOnlyForDeploymentPostprocessing = 0;
		};
		2EB3FA0828C5F9D300026ACE /* Frameworks */ = {
			isa = PBXFrameworksBuildPhase;
			buildActionMask = 2147483647;
			files = (
				FDA803EC114F2D19D74D6DC2 /* Pods_MyProduct_MyProductUITests.framework in Frameworks */,
			);
			runOnlyForDeploymentPostprocessing = 0;
		};
/* End PBXFrameworksBuildPhase section */

/* Begin PBXGroup section */
		2E993F9128C8357900C09DAB /* LocalNotification */ = {
			isa = PBXGroup;
			children = (
				2E993F9228C835A500C09DAB /* LocalNotificationManager.h */,
				2E993F9328C835A500C09DAB /* LocalNotificationManager.m */,
			);
			path = LocalNotification;
			sourceTree = "<group>";
		};
		2E993F9528C83E9100C09DAB /* Tools */ = {
			isa = PBXGroup;
			children = (
				F4812BB228D1816A009D15A4 /* UIView+MLExtension.h */,
				F4812BB128D1816A009D15A4 /* UIView+MLExtension.m */,
				F4692F1628CAD53900FFE527 /* Network */,
				2E993F9628C83EAB00C09DAB /* CommonTools.h */,
				2E993F9728C83EAB00C09DAB /* CommonTools.m */,
			);
			path = Tools;
			sourceTree = "<group>";
		};
		2E9B00CE28C9BF1A005315AF /* Base */ = {
			isa = PBXGroup;
			children = (
				2E9B00CF28C9BF36005315AF /* BaseViewController.h */,
				2E9B00D028C9BF36005315AF /* BaseViewController.m */,
				F443716628E4378200D9E97A /* BaseNavigationController.h */,
				F443716728E4378200D9E97A /* BaseNavigationController.m */,
			);
			path = Base;
			sourceTree = "<group>";
		};
		2E9B00D228C9C220005315AF /* Navigation */ = {
			isa = PBXGroup;
			children = (
				2E9B00D328C9C264005315AF /* NavigationView.h */,
				2E9B00D428C9C264005315AF /* NavigationView.m */,
				2E9B00D628C9C27A005315AF /* NavigationView.xib */,
			);
			path = Navigation;
			sourceTree = "<group>";
		};
		2E9B00D828C9C3FD005315AF /* Common */ = {
			isa = PBXGroup;
			children = (
				2E9B00D928C9C412005315AF /* Common.h */,
			);
			path = Common;
			sourceTree = "<group>";
		};
		2E9B00DA28C9CEF9005315AF /* TabBar */ = {
			isa = PBXGroup;
			children = (
				2E9B00DB28C9CF49005315AF /* TabbarViewController.h */,
				2E9B00DC28C9CF49005315AF /* TabbarViewController.m */,
			);
			path = TabBar;
			sourceTree = "<group>";
		};
		2EB3F9DD28C5F9D100026ACE = {
			isa = PBXGroup;
			children = (
				2EB3F9E828C5F9D100026ACE /* MyProduct */,
				2EB3FA0428C5F9D300026ACE /* MyProductTests */,
				2EB3FA0E28C5F9D300026ACE /* MyProductUITests */,
				2EB3F9E728C5F9D100026ACE /* Products */,
				E3D3CBCEA9724FAF1AD68F6C /* Pods */,
				8CF8F6AA7605E725B1736D5A /* Frameworks */,
			);
			sourceTree = "<group>";
		};
		2EB3F9E728C5F9D100026ACE /* Products */ = {
			isa = PBXGroup;
			children = (
				2EB3F9E628C5F9D100026ACE /* MyProduct.app */,
				2EB3FA0128C5F9D300026ACE /* MyProductTests.xctest */,
				2EB3FA0B28C5F9D300026ACE /* MyProductUITests.xctest */,
			);
			name = Products;
			sourceTree = "<group>";
		};
		2EB3F9E828C5F9D100026ACE /* MyProduct */ = {
			isa = PBXGroup;
			children = (
				F46FE4E228F92E310098CBE3 /* Crash */,
				F439026E28F663FD0008F38D /* BLE */,
				F4692F2128CB23AD00FFE527 /* Launch */,
				F4692F1D28CB1D0400FFE527 /* Home */,
				2E9B00DA28C9CEF9005315AF /* TabBar */,
				2E9B00D828C9C3FD005315AF /* Common */,
				2E9B00D228C9C220005315AF /* Navigation */,
				2E9B00CE28C9BF1A005315AF /* Base */,
				2E993F9528C83E9100C09DAB /* Tools */,
				2E993F9128C8357900C09DAB /* LocalNotification */,
				2EB3F9E928C5F9D100026ACE /* AppDelegate.h */,
				2EB3F9EA28C5F9D100026ACE /* AppDelegate.m */,
				2EB3F9EF28C5F9D100026ACE /* ViewController.h */,
				2EB3F9F028C5F9D100026ACE /* ViewController.m */,
				2EB3F9F228C5F9D100026ACE /* Main.storyboard */,
				2EB3F9F528C5F9D300026ACE /* Assets.xcassets */,
				2EB3F9F728C5F9D300026ACE /* LaunchScreen.storyboard */,
				2EB3F9FA28C5F9D300026ACE /* Info.plist */,
				2EB3F9FB28C5F9D300026ACE /* main.m */,
				F46FE4E328F931780098CBE3 /* MyProduct-Bridging-Header.h */,
			);
			path = MyProduct;
			sourceTree = "<group>";
		};
		2EB3FA0428C5F9D300026ACE /* MyProductTests */ = {
			isa = PBXGroup;
			children = (
				2EB3FA0528C5F9D300026ACE /* MyProductTests.m */,
			);
			path = MyProductTests;
			sourceTree = "<group>";
		};
		2EB3FA0E28C5F9D300026ACE /* MyProductUITests */ = {
			isa = PBXGroup;
			children = (
				2EB3FA0F28C5F9D300026ACE /* MyProductUITests.m */,
				2EB3FA1128C5F9D300026ACE /* MyProductUITestsLaunchTests.m */,
			);
			path = MyProductUITests;
			sourceTree = "<group>";
		};
		8CF8F6AA7605E725B1736D5A /* Frameworks */ = {
			isa = PBXGroup;
			children = (
				E653646C53885ABB740175C7 /* Pods_MyProduct.framework */,
				56F67DE5C89BC6EFA8F0D5AA /* Pods_MyProduct_MyProductUITests.framework */,
				6AB4C1559C3F1C79249B88AE /* Pods_MyProductTests.framework */,
			);
			name = Frameworks;
			sourceTree = "<group>";
		};
		E3D3CBCEA9724FAF1AD68F6C /* Pods */ = {
			isa = PBXGroup;
			children = (
				77DCF3D832E64638CE470EAE /* Pods-MyProduct.debug.xcconfig */,
				AB274F73C803D8EAAC286310 /* Pods-MyProduct.release.xcconfig */,
				FEE53F1028D7D6B8A6493B8F /* Pods-MyProduct-MyProductUITests.debug.xcconfig */,
				213CE0E904630BDFE6D74D43 /* Pods-MyProduct-MyProductUITests.release.xcconfig */,
				5D84E161F0E134CB208FD4A2 /* Pods-MyProductTests.debug.xcconfig */,
				B9C2B3B86A378C46C91576A5 /* Pods-MyProductTests.release.xcconfig */,
			);
			path = Pods;
			sourceTree = "<group>";
		};
		F439026E28F663FD0008F38D /* BLE */ = {
			isa = PBXGroup;
			children = (
				F439026F28F664160008F38D /* BLEViewController.h */,
				F439027028F664160008F38D /* BLEViewController.m */,
				F439027128F664160008F38D /* BLEViewController.xib */,
				F439027428F664C80008F38D /* BLEManager.h */,
				F439027528F664C80008F38D /* BLEManager.m */,
			);
			path = BLE;
			sourceTree = "<group>";
		};
		F4692F1628CAD53900FFE527 /* Network */ = {
			isa = PBXGroup;
			children = (
				F4692F1828CAD54600FFE527 /* NetworkTools.h */,
				F4692F1928CAD54600FFE527 /* NetworkTools.m */,
				F4692F1728CAD54600FFE527 /* Urls.h */,
			);
			path = Network;
			sourceTree = "<group>";
		};
		F4692F1D28CB1D0400FFE527 /* Home */ = {
			isa = PBXGroup;
			children = (
				F4347B8628E2E23800BE1314 /* VideoFullScreenController.h */,
				F4347B8728E2E23800BE1314 /* VideoFullScreenController.m */,
				F4692F1E28CB1D1900FFE527 /* HomeView.h */,
				F4692F1F28CB1D1900FFE527 /* HomeView.m */,
				F4347B8C28E425D400BE1314 /* FirstViewController.h */,
				F4347B8D28E425D400BE1314 /* FirstViewController.m */,
				F4347B8E28E425D400BE1314 /* FirstViewController.xib */,
			);
			path = Home;
			sourceTree = "<group>";
		};
		F4692F2128CB23AD00FFE527 /* Launch */ = {
			isa = PBXGroup;
			children = (
				F4692F2528CB23F000FFE527 /* LaunchViewController.h */,
				F4692F2628CB23F000FFE527 /* LaunchViewController.m */,
			);
			path = Launch;
			sourceTree = "<group>";
		};
		F46FE4E228F92E310098CBE3 /* Crash */ = {
			isa = PBXGroup;
			children = (
				F46FE4F928F9361B0098CBE3 /* CrashViewController.swift */,
				F46FE4E928F931B40098CBE3 /* CrashManager */,
			);
			path = Crash;
			sourceTree = "<group>";
		};
		F46FE4E928F931B40098CBE3 /* CrashManager */ = {
			isa = PBXGroup;
			children = (
				F46FE4EA28F931B40098CBE3 /* CrashManager.swift */,
				F46FE4EC28F931B40098CBE3 /* crashNSExceptionManager.swift */,
				F46FE4EE28F931B40098CBE3 /* crashSignalManager.swift */,
				F46FE4ED28F931B40098CBE3 /* SlideAdressTool.h */,
				F46FE4EB28F931B40098CBE3 /* SlideAdressTool.m */,
			);
			path = CrashManager;
			sourceTree = "<group>";
		};
/* End PBXGroup section */

/* Begin PBXNativeTarget section */
		2EB3F9E528C5F9D100026ACE /* MyProduct */ = {
			isa = PBXNativeTarget;
			buildConfigurationList = 2EB3FA1528C5F9D300026ACE /* Build configuration list for PBXNativeTarget "MyProduct" */;
			buildPhases = (
				0EEF71A2246FD5CEAFCBEA26 /* [CP] Check Pods Manifest.lock */,
				2EB3F9E228C5F9D100026ACE /* Sources */,
				2EB3F9E328C5F9D100026ACE /* Frameworks */,
				2EB3F9E428C5F9D100026ACE /* Resources */,
				6E0923895D717926AF79CC70 /* [CP] Embed Pods Frameworks */,
			);
			buildRules = (
			);
			dependencies = (
			);
			name = MyProduct;
			productName = MyProduct;
			productReference = 2EB3F9E628C5F9D100026ACE /* MyProduct.app */;
			productType = "com.apple.product-type.application";
		};
		2EB3FA0028C5F9D300026ACE /* MyProductTests */ = {
			isa = PBXNativeTarget;
			buildConfigurationList = 2EB3FA1828C5F9D300026ACE /* Build configuration list for PBXNativeTarget "MyProductTests" */;
			buildPhases = (
				5F20C8238F48248918FBC3C9 /* [CP] Check Pods Manifest.lock */,
				2EB3F9FD28C5F9D300026ACE /* Sources */,
				2EB3F9FE28C5F9D300026ACE /* Frameworks */,
				2EB3F9FF28C5F9D300026ACE /* Resources */,
			);
			buildRules = (
			);
			dependencies = (
				2EB3FA0328C5F9D300026ACE /* PBXTargetDependency */,
			);
			name = MyProductTests;
			productName = MyProductTests;
			productReference = 2EB3FA0128C5F9D300026ACE /* MyProductTests.xctest */;
			productType = "com.apple.product-type.bundle.unit-test";
		};
		2EB3FA0A28C5F9D300026ACE /* MyProductUITests */ = {
			isa = PBXNativeTarget;
			buildConfigurationList = 2EB3FA1B28C5F9D300026ACE /* Build configuration list for PBXNativeTarget "MyProductUITests" */;
			buildPhases = (
				1F9061FBFD8BB09C87BB303C /* [CP] Check Pods Manifest.lock */,
				2EB3FA0728C5F9D300026ACE /* Sources */,
				2EB3FA0828C5F9D300026ACE /* Frameworks */,
				2EB3FA0928C5F9D300026ACE /* Resources */,
				940361A01AE311DA70F1C4C2 /* [CP] Embed Pods Frameworks */,
			);
			buildRules = (
			);
			dependencies = (
				2EB3FA0D28C5F9D300026ACE /* PBXTargetDependency */,
			);
			name = MyProductUITests;
			productName = MyProductUITests;
			productReference = 2EB3FA0B28C5F9D300026ACE /* MyProductUITests.xctest */;
			productType = "com.apple.product-type.bundle.ui-testing";
		};
/* End PBXNativeTarget section */

/* Begin PBXProject section */
		2EB3F9DE28C5F9D100026ACE /* Project object */ = {
			isa = PBXProject;
			attributes = {
				BuildIndependentTargetsInParallel = 1;
				LastUpgradeCheck = 1320;
				TargetAttributes = {
					2EB3F9E528C5F9D100026ACE = {
						CreatedOnToolsVersion = 13.2.1;
						LastSwiftMigration = 1400;
					};
					2EB3FA0028C5F9D300026ACE = {
						CreatedOnToolsVersion = 13.2.1;
						TestTargetID = 2EB3F9E528C5F9D100026ACE;
					};
					2EB3FA0A28C5F9D300026ACE = {
						CreatedOnToolsVersion = 13.2.1;
						TestTargetID = 2EB3F9E528C5F9D100026ACE;
					};
				};
			};
			buildConfigurationList = 2EB3F9E128C5F9D100026ACE /* Build configuration list for PBXProject "MyProduct" */;
			compatibilityVersion = "Xcode 13.0";
			developmentRegion = en;
			hasScannedForEncodings = 0;
			knownRegions = (
				en,
				Base,
			);
			mainGroup = 2EB3F9DD28C5F9D100026ACE;
			productRefGroup = 2EB3F9E728C5F9D100026ACE /* Products */;
			projectDirPath = "";
			projectRoot = "";
			targets = (
				2EB3F9E528C5F9D100026ACE /* MyProduct */,
				2EB3FA0028C5F9D300026ACE /* MyProductTests */,
				2EB3FA0A28C5F9D300026ACE /* MyProductUITests */,
			);
		};
/* End PBXProject section */

/* Begin PBXResourcesBuildPhase section */
		2EB3F9E428C5F9D100026ACE /* Resources */ = {
			isa = PBXResourcesBuildPhase;
			buildActionMask = 2147483647;
			files = (
				2EB3F9F928C5F9D300026ACE /* LaunchScreen.storyboard in Resources */,
				F4347B9028E425D400BE1314 /* FirstViewController.xib in Resources */,
				2EB3F9F628C5F9D300026ACE /* Assets.xcassets in Resources */,
				2E9B00D728C9C27A005315AF /* NavigationView.xib in Resources */,
				F439027328F664160008F38D /* BLEViewController.xib in Resources */,
				2EB3F9F428C5F9D100026ACE /* Main.storyboard in Resources */,
			);
			runOnlyForDeploymentPostprocessing = 0;
		};
		2EB3F9FF28C5F9D300026ACE /* Resources */ = {
			isa = PBXResourcesBuildPhase;
			buildActionMask = 2147483647;
			files = (
			);
			runOnlyForDeploymentPostprocessing = 0;
		};
		2EB3FA0928C5F9D300026ACE /* Resources */ = {
			isa = PBXResourcesBuildPhase;
			buildActionMask = 2147483647;
			files = (
			);
			runOnlyForDeploymentPostprocessing = 0;
		};
/* End PBXResourcesBuildPhase section */

/* Begin PBXShellScriptBuildPhase section */
		0EEF71A2246FD5CEAFCBEA26 /* [CP] Check Pods Manifest.lock */ = {
			isa = PBXShellScriptBuildPhase;
			buildActionMask = 2147483647;
			files = (
			);
			inputFileListPaths = (
			);
			inputPaths = (
				"${PODS_PODFILE_DIR_PATH}/Podfile.lock",
				"${PODS_ROOT}/Manifest.lock",
			);
			name = "[CP] Check Pods Manifest.lock";
			outputFileListPaths = (
			);
			outputPaths = (
				"$(DERIVED_FILE_DIR)/Pods-MyProduct-checkManifestLockResult.txt",
			);
			runOnlyForDeploymentPostprocessing = 0;
			shellPath = /bin/sh;
			shellScript = "diff \"${PODS_PODFILE_DIR_PATH}/Podfile.lock\" \"${PODS_ROOT}/Manifest.lock\" > /dev/null\nif [ $? != 0 ] ; then\n    # print error to STDERR\n    echo \"error: The sandbox is not in sync with the Podfile.lock. Run 'pod install' or update your CocoaPods installation.\" >&2\n    exit 1\nfi\n# This output is used by Xcode 'outputs' to avoid re-running this script phase.\necho \"SUCCESS\" > \"${SCRIPT_OUTPUT_FILE_0}\"\n";
			showEnvVarsInLog = 0;
		};
		1F9061FBFD8BB09C87BB303C /* [CP] Check Pods Manifest.lock */ = {
			isa = PBXShellScriptBuildPhase;
			buildActionMask = 2147483647;
			files = (
			);
			inputFileListPaths = (
			);
			inputPaths = (
				"${PODS_PODFILE_DIR_PATH}/Podfile.lock",
				"${PODS_ROOT}/Manifest.lock",
			);
			name = "[CP] Check Pods Manifest.lock";
			outputFileListPaths = (
			);
			outputPaths = (
				"$(DERIVED_FILE_DIR)/Pods-MyProduct-MyProductUITests-checkManifestLockResult.txt",
			);
			runOnlyForDeploymentPostprocessing = 0;
			shellPath = /bin/sh;
			shellScript = "diff \"${PODS_PODFILE_DIR_PATH}/Podfile.lock\" \"${PODS_ROOT}/Manifest.lock\" > /dev/null\nif [ $? != 0 ] ; then\n    # print error to STDERR\n    echo \"error: The sandbox is not in sync with the Podfile.lock. Run 'pod install' or update your CocoaPods installation.\" >&2\n    exit 1\nfi\n# This output is used by Xcode 'outputs' to avoid re-running this script phase.\necho \"SUCCESS\" > \"${SCRIPT_OUTPUT_FILE_0}\"\n";
			showEnvVarsInLog = 0;
		};
		5F20C8238F48248918FBC3C9 /* [CP] Check Pods Manifest.lock */ = {
			isa = PBXShellScriptBuildPhase;
			buildActionMask = 2147483647;
			files = (
			);
			inputFileListPaths = (
			);
			inputPaths = (
				"${PODS_PODFILE_DIR_PATH}/Podfile.lock",
				"${PODS_ROOT}/Manifest.lock",
			);
			name = "[CP] Check Pods Manifest.lock";
			outputFileListPaths = (
			);
			outputPaths = (
				"$(DERIVED_FILE_DIR)/Pods-MyProductTests-checkManifestLockResult.txt",
			);
			runOnlyForDeploymentPostprocessing = 0;
			shellPath = /bin/sh;
			shellScript = "diff \"${PODS_PODFILE_DIR_PATH}/Podfile.lock\" \"${PODS_ROOT}/Manifest.lock\" > /dev/null\nif [ $? != 0 ] ; then\n    # print error to STDERR\n    echo \"error: The sandbox is not in sync with the Podfile.lock. Run 'pod install' or update your CocoaPods installation.\" >&2\n    exit 1\nfi\n# This output is used by Xcode 'outputs' to avoid re-running this script phase.\necho \"SUCCESS\" > \"${SCRIPT_OUTPUT_FILE_0}\"\n";
			showEnvVarsInLog = 0;
		};
		6E0923895D717926AF79CC70 /* [CP] Embed Pods Frameworks */ = {
			isa = PBXShellScriptBuildPhase;
			buildActionMask = 2147483647;
			files = (
			);
			inputFileListPaths = (
				"${PODS_ROOT}/Target Support Files/Pods-MyProduct/Pods-MyProduct-frameworks-${CONFIGURATION}-input-files.xcfilelist",
			);
			name = "[CP] Embed Pods Frameworks";
			outputFileListPaths = (
				"${PODS_ROOT}/Target Support Files/Pods-MyProduct/Pods-MyProduct-frameworks-${CONFIGURATION}-output-files.xcfilelist",
			);
			runOnlyForDeploymentPostprocessing = 0;
			shellPath = /bin/sh;
			shellScript = "\"${PODS_ROOT}/Target Support Files/Pods-MyProduct/Pods-MyProduct-frameworks.sh\"\n";
			showEnvVarsInLog = 0;
		};
		940361A01AE311DA70F1C4C2 /* [CP] Embed Pods Frameworks */ = {
			isa = PBXShellScriptBuildPhase;
			buildActionMask = 2147483647;
			files = (
			);
			inputFileListPaths = (
				"${PODS_ROOT}/Target Support Files/Pods-MyProduct-MyProductUITests/Pods-MyProduct-MyProductUITests-frameworks-${CONFIGURATION}-input-files.xcfilelist",
			);
			name = "[CP] Embed Pods Frameworks";
			outputFileListPaths = (
				"${PODS_ROOT}/Target Support Files/Pods-MyProduct-MyProductUITests/Pods-MyProduct-MyProductUITests-frameworks-${CONFIGURATION}-output-files.xcfilelist",
			);
			runOnlyForDeploymentPostprocessing = 0;
			shellPath = /bin/sh;
			shellScript = "\"${PODS_ROOT}/Target Support Files/Pods-MyProduct-MyProductUITests/Pods-MyProduct-MyProductUITests-frameworks.sh\"\n";
			showEnvVarsInLog = 0;
		};
/* End PBXShellScriptBuildPhase section */

/* Begin PBXSourcesBuildPhase section */
		2EB3F9E228C5F9D100026ACE /* Sources */ = {
			isa = PBXSourcesBuildPhase;
			buildActionMask = 2147483647;
			files = (
				F46FE4FA28F9361B0098CBE3 /* CrashViewController.swift in Sources */,
				F439027228F664160008F38D /* BLEViewController.m in Sources */,
				F46FE4F328F931B50098CBE3 /* CrashManager.swift in Sources */,
				2EB3F9F128C5F9D100026ACE /* ViewController.m in Sources */,
				F4812BB328D1816A009D15A4 /* UIView+MLExtension.m in Sources */,
				F46FE4F628F931B50098CBE3 /* crashSignalManager.swift in Sources */,
				2E9B00D528C9C264005315AF /* NavigationView.m in Sources */,
				2E9B00D128C9BF36005315AF /* BaseViewController.m in Sources */,
				F4692F1A28CAD54600FFE527 /* NetworkTools.m in Sources */,
				2EB3F9EB28C5F9D100026ACE /* AppDelegate.m in Sources */,
				2E9B00DD28C9CF49005315AF /* TabbarViewController.m in Sources */,
				F4347B8828E2E23800BE1314 /* VideoFullScreenController.m in Sources */,
				2E993F9428C835A500C09DAB /* LocalNotificationManager.m in Sources */,
				F4347B8F28E425D400BE1314 /* FirstViewController.m in Sources */,
				F46FE4F428F931B50098CBE3 /* SlideAdressTool.m in Sources */,
				F439027628F664C80008F38D /* BLEManager.m in Sources */,
				F4692F2028CB1D1900FFE527 /* HomeView.m in Sources */,
				2EB3F9FC28C5F9D300026ACE /* main.m in Sources */,
				2E993F9828C83EAB00C09DAB /* CommonTools.m in Sources */,
				F4692F2728CB23F000FFE527 /* LaunchViewController.m in Sources */,
				F46FE4F528F931B50098CBE3 /* crashNSExceptionManager.swift in Sources */,
				F443716828E4378200D9E97A /* BaseNavigationController.m in Sources */,
			);
			runOnlyForDeploymentPostprocessing = 0;
		};
		2EB3F9FD28C5F9D300026ACE /* Sources */ = {
			isa = PBXSourcesBuildPhase;
			buildActionMask = 2147483647;
			files = (
				2EB3FA0628C5F9D300026ACE /* MyProductTests.m in Sources */,
			);
			runOnlyForDeploymentPostprocessing = 0;
		};
		2EB3FA0728C5F9D300026ACE /* Sources */ = {
			isa = PBXSourcesBuildPhase;
			buildActionMask = 2147483647;
			files = (
				2EB3FA1228C5F9D300026ACE /* MyProductUITestsLaunchTests.m in Sources */,
				2EB3FA1028C5F9D300026ACE /* MyProductUITests.m in Sources */,
			);
			runOnlyForDeploymentPostprocessing = 0;
		};
/* End PBXSourcesBuildPhase section */

/* Begin PBXTargetDependency section */
		2EB3FA0328C5F9D300026ACE /* PBXTargetDependency */ = {
			isa = PBXTargetDependency;
			target = 2EB3F9E528C5F9D100026ACE /* MyProduct */;
			targetProxy = 2EB3FA0228C5F9D300026ACE /* PBXContainerItemProxy */;
		};
		2EB3FA0D28C5F9D300026ACE /* PBXTargetDependency */ = {
			isa = PBXTargetDependency;
			target = 2EB3F9E528C5F9D100026ACE /* MyProduct */;
			targetProxy = 2EB3FA0C28C5F9D300026ACE /* PBXContainerItemProxy */;
		};
/* End PBXTargetDependency section */

/* Begin PBXVariantGroup section */
		2EB3F9F228C5F9D100026ACE /* Main.storyboard */ = {
			isa = PBXVariantGroup;
			children = (
				2EB3F9F328C5F9D100026ACE /* Base */,
			);
			name = Main.storyboard;
			sourceTree = "<group>";
		};
		2EB3F9F728C5F9D300026ACE /* LaunchScreen.storyboard */ = {
			isa = PBXVariantGroup;
			children = (
				2EB3F9F828C5F9D300026ACE /* Base */,
			);
			name = LaunchScreen.storyboard;
			sourceTree = "<group>";
		};
/* End PBXVariantGroup section */

/* Begin XCBuildConfiguration section */
		2EB3FA1328C5F9D300026ACE /* Debug */ = {
			isa = XCBuildConfiguration;
			buildSettings = {
				ALWAYS_SEARCH_USER_PATHS = NO;
				CLANG_ANALYZER_NONNULL = YES;
				CLANG_ANALYZER_NUMBER_OBJECT_CONVERSION = YES_AGGRESSIVE;
				CLANG_CXX_LANGUAGE_STANDARD = "gnu++17";
				CLANG_CXX_LIBRARY = "libc++";
				CLANG_ENABLE_MODULES = YES;
				CLANG_ENABLE_OBJC_ARC = YES;
				CLANG_ENABLE_OBJC_WEAK = YES;
				CLANG_WARN_BLOCK_CAPTURE_AUTORELEASING = YES;
				CLANG_WARN_BOOL_CONVERSION = YES;
				CLANG_WARN_COMMA = YES;
				CLANG_WARN_CONSTANT_CONVERSION = YES;
				CLANG_WARN_DEPRECATED_OBJC_IMPLEMENTATIONS = YES;
				CLANG_WARN_DIRECT_OBJC_ISA_USAGE = YES_ERROR;
				CLANG_WARN_DOCUMENTATION_COMMENTS = YES;
				CLANG_WARN_EMPTY_BODY = YES;
				CLANG_WARN_ENUM_CONVERSION = YES;
				CLANG_WARN_INFINITE_RECURSION = YES;
				CLANG_WARN_INT_CONVERSION = YES;
				CLANG_WARN_NON_LITERAL_NULL_CONVERSION = YES;
				CLANG_WARN_OBJC_IMPLICIT_RETAIN_SELF = YES;
				CLANG_WARN_OBJC_LITERAL_CONVERSION = YES;
				CLANG_WARN_OBJC_ROOT_CLASS = YES_ERROR;
				CLANG_WARN_QUOTED_INCLUDE_IN_FRAMEWORK_HEADER = YES;
				CLANG_WARN_RANGE_LOOP_ANALYSIS = YES;
				CLANG_WARN_STRICT_PROTOTYPES = YES;
				CLANG_WARN_SUSPICIOUS_MOVE = YES;
				CLANG_WARN_UNGUARDED_AVAILABILITY = YES_AGGRESSIVE;
				CLANG_WARN_UNREACHABLE_CODE = YES;
				CLANG_WARN__DUPLICATE_METHOD_MATCH = YES;
				COPY_PHASE_STRIP = NO;
				DEBUG_INFORMATION_FORMAT = dwarf;
				ENABLE_STRICT_OBJC_MSGSEND = YES;
				ENABLE_TESTABILITY = YES;
				GCC_C_LANGUAGE_STANDARD = gnu11;
				GCC_DYNAMIC_NO_PIC = NO;
				GCC_NO_COMMON_BLOCKS = YES;
				GCC_OPTIMIZATION_LEVEL = 0;
				GCC_PREPROCESSOR_DEFINITIONS = (
					"DEBUG=1",
					"$(inherited)",
				);
				GCC_WARN_64_TO_32_BIT_CONVERSION = YES;
				GCC_WARN_ABOUT_RETURN_TYPE = YES_ERROR;
				GCC_WARN_UNDECLARED_SELECTOR = YES;
				GCC_WARN_UNINITIALIZED_AUTOS = YES_AGGRESSIVE;
				GCC_WARN_UNUSED_FUNCTION = YES;
				GCC_WARN_UNUSED_VARIABLE = YES;
				IPHONEOS_DEPLOYMENT_TARGET = 15.2;
				MTL_ENABLE_DEBUG_INFO = INCLUDE_SOURCE;
				MTL_FAST_MATH = YES;
				ONLY_ACTIVE_ARCH = YES;
				SDKROOT = iphoneos;
			};
			name = Debug;
		};
		2EB3FA1428C5F9D300026ACE /* Release */ = {
			isa = XCBuildConfiguration;
			buildSettings = {
				ALWAYS_SEARCH_USER_PATHS = NO;
				CLANG_ANALYZER_NONNULL = YES;
				CLANG_ANALYZER_NUMBER_OBJECT_CONVERSION = YES_AGGRESSIVE;
				CLANG_CXX_LANGUAGE_STANDARD = "gnu++17";
				CLANG_CXX_LIBRARY = "libc++";
				CLANG_ENABLE_MODULES = YES;
				CLANG_ENABLE_OBJC_ARC = YES;
				CLANG_ENABLE_OBJC_WEAK = YES;
				CLANG_WARN_BLOCK_CAPTURE_AUTORELEASING = YES;
				CLANG_WARN_BOOL_CONVERSION = YES;
				CLANG_WARN_COMMA = YES;
				CLANG_WARN_CONSTANT_CONVERSION = YES;
				CLANG_WARN_DEPRECATED_OBJC_IMPLEMENTATIONS = YES;
				CLANG_WARN_DIRECT_OBJC_ISA_USAGE = YES_ERROR;
				CLANG_WARN_DOCUMENTATION_COMMENTS = YES;
				CLANG_WARN_EMPTY_BODY = YES;
				CLANG_WARN_ENUM_CONVERSION = YES;
				CLANG_WARN_INFINITE_RECURSION = YES;
				CLANG_WARN_INT_CONVERSION = YES;
				CLANG_WARN_NON_LITERAL_NULL_CONVERSION = YES;
				CLANG_WARN_OBJC_IMPLICIT_RETAIN_SELF = YES;
				CLANG_WARN_OBJC_LITERAL_CONVERSION = YES;
				CLANG_WARN_OBJC_ROOT_CLASS = YES_ERROR;
				CLANG_WARN_QUOTED_INCLUDE_IN_FRAMEWORK_HEADER = YES;
				CLANG_WARN_RANGE_LOOP_ANALYSIS = YES;
				CLANG_WARN_STRICT_PROTOTYPES = YES;
				CLANG_WARN_SUSPICIOUS_MOVE = YES;
				CLANG_WARN_UNGUARDED_AVAILABILITY = YES_AGGRESSIVE;
				CLANG_WARN_UNREACHABLE_CODE = YES;
				CLANG_WARN__DUPLICATE_METHOD_MATCH = YES;
				COPY_PHASE_STRIP = NO;
				DEBUG_INFORMATION_FORMAT = "dwarf-with-dsym";
				ENABLE_NS_ASSERTIONS = NO;
				ENABLE_STRICT_OBJC_MSGSEND = YES;
				GCC_C_LANGUAGE_STANDARD = gnu11;
				GCC_NO_COMMON_BLOCKS = YES;
				GCC_WARN_64_TO_32_BIT_CONVERSION = YES;
				GCC_WARN_ABOUT_RETURN_TYPE = YES_ERROR;
				GCC_WARN_UNDECLARED_SELECTOR = YES;
				GCC_WARN_UNINITIALIZED_AUTOS = YES_AGGRESSIVE;
				GCC_WARN_UNUSED_FUNCTION = YES;
				GCC_WARN_UNUSED_VARIABLE = YES;
				IPHONEOS_DEPLOYMENT_TARGET = 15.2;
				MTL_ENABLE_DEBUG_INFO = NO;
				MTL_FAST_MATH = YES;
				SDKROOT = iphoneos;
				VALIDATE_PRODUCT = YES;
			};
			name = Release;
		};
		2EB3FA1628C5F9D300026ACE /* Debug */ = {
			isa = XCBuildConfiguration;
			baseConfigurationReference = 77DCF3D832E64638CE470EAE /* Pods-MyProduct.debug.xcconfig */;
			buildSettings = {
				ASSETCATALOG_COMPILER_APPICON_NAME = AppIcon;
				ASSETCATALOG_COMPILER_GLOBAL_ACCENT_COLOR_NAME = AccentColor;
				CLANG_ENABLE_MODULES = YES;
				CODE_SIGN_STYLE = Automatic;
				CURRENT_PROJECT_VERSION = 1;
				DEVELOPMENT_TEAM = U8T4Y7GT37;
				GENERATE_INFOPLIST_FILE = YES;
				INFOPLIST_FILE = MyProduct/Info.plist;
				INFOPLIST_KEY_NSBluetoothAlwaysUsageDescription = "需要蓝牙权限";
				INFOPLIST_KEY_NSBluetoothPeripheralUsageDescription = "需要蓝牙权限";
				INFOPLIST_KEY_UIApplicationSupportsIndirectInputEvents = YES;
				INFOPLIST_KEY_UILaunchStoryboardName = LaunchScreen;
				INFOPLIST_KEY_UIMainStoryboardFile = Main;
				INFOPLIST_KEY_UISupportedInterfaceOrientations = UIInterfaceOrientationPortrait;
				INFOPLIST_KEY_UISupportedInterfaceOrientations_iPad = "UIInterfaceOrientationLandscapeLeft UIInterfaceOrientationLandscapeRight UIInterfaceOrientationPortrait UIInterfaceOrientationPortraitUpsideDown";
				IPHONEOS_DEPLOYMENT_TARGET = 9.0;
				LD_RUNPATH_SEARCH_PATHS = (
					"$(inherited)",
					"@executable_path/Frameworks",
				);
				MARKETING_VERSION = 1.0;
				PRODUCT_BUNDLE_IDENTIFIER = com.xuliran.MyProduct;
				PRODUCT_NAME = "$(TARGET_NAME)";
				SWIFT_EMIT_LOC_STRINGS = YES;
				SWIFT_OBJC_BRIDGING_HEADER = "MyProduct/MyProduct-Bridging-Header.h";
				SWIFT_OPTIMIZATION_LEVEL = "-Onone";
				SWIFT_VERSION = 5.0;
				TARGETED_DEVICE_FAMILY = "1,2";
			};
			name = Debug;
		};
		2EB3FA1728C5F9D300026ACE /* Release */ = {
			isa = XCBuildConfiguration;
			baseConfigurationReference = AB274F73C803D8EAAC286310 /* Pods-MyProduct.release.xcconfig */;
			buildSettings = {
				ASSETCATALOG_COMPILER_APPICON_NAME = AppIcon;
				ASSETCATALOG_COMPILER_GLOBAL_ACCENT_COLOR_NAME = AccentColor;
				CLANG_ENABLE_MODULES = YES;
				CODE_SIGN_STYLE = Automatic;
				CURRENT_PROJECT_VERSION = 1;
				DEVELOPMENT_TEAM = U8T4Y7GT37;
				GENERATE_INFOPLIST_FILE = YES;
				INFOPLIST_FILE = MyProduct/Info.plist;
				INFOPLIST_KEY_NSBluetoothAlwaysUsageDescription = "需要蓝牙权限";
				INFOPLIST_KEY_NSBluetoothPeripheralUsageDescription = "需要蓝牙权限";
				INFOPLIST_KEY_UIApplicationSupportsIndirectInputEvents = YES;
				INFOPLIST_KEY_UILaunchStoryboardName = LaunchScreen;
				INFOPLIST_KEY_UIMainStoryboardFile = Main;
				INFOPLIST_KEY_UISupportedInterfaceOrientations = UIInterfaceOrientationPortrait;
				INFOPLIST_KEY_UISupportedInterfaceOrientations_iPad = "UIInterfaceOrientationLandscapeLeft UIInterfaceOrientationLandscapeRight UIInterfaceOrientationPortrait UIInterfaceOrientationPortraitUpsideDown";
				IPHONEOS_DEPLOYMENT_TARGET = 9.0;
				LD_RUNPATH_SEARCH_PATHS = (
					"$(inherited)",
					"@executable_path/Frameworks",
				);
				MARKETING_VERSION = 1.0;
				PRODUCT_BUNDLE_IDENTIFIER = com.xuliran.MyProduct;
				PRODUCT_NAME = "$(TARGET_NAME)";
				SWIFT_EMIT_LOC_STRINGS = YES;
				SWIFT_OBJC_BRIDGING_HEADER = "MyProduct/MyProduct-Bridging-Header.h";
				SWIFT_VERSION = 5.0;
				TARGETED_DEVICE_FAMILY = "1,2";
			};
			name = Release;
		};
		2EB3FA1928C5F9D300026ACE /* Debug */ = {
			isa = XCBuildConfiguration;
			baseConfigurationReference = 5D84E161F0E134CB208FD4A2 /* Pods-MyProductTests.debug.xcconfig */;
			buildSettings = {
				ALWAYS_EMBED_SWIFT_STANDARD_LIBRARIES = YES;
				BUNDLE_LOADER = "$(TEST_HOST)";
				CODE_SIGN_STYLE = Automatic;
				CURRENT_PROJECT_VERSION = 1;
				DEVELOPMENT_TEAM = U8T4Y7GT37;
				GENERATE_INFOPLIST_FILE = YES;
				IPHONEOS_DEPLOYMENT_TARGET = 15.2;
				MARKETING_VERSION = 1.0;
				PRODUCT_BUNDLE_IDENTIFIER = com.xuliran.MyProductTests;
				PRODUCT_NAME = "$(TARGET_NAME)";
				SWIFT_EMIT_LOC_STRINGS = NO;
				TARGETED_DEVICE_FAMILY = "1,2";
				TEST_HOST = "$(BUILT_PRODUCTS_DIR)/MyProduct.app/MyProduct";
			};
			name = Debug;
		};
		2EB3FA1A28C5F9D300026ACE /* Release */ = {
			isa = XCBuildConfiguration;
			baseConfigurationReference = B9C2B3B86A378C46C91576A5 /* Pods-MyProductTests.release.xcconfig */;
			buildSettings = {
				ALWAYS_EMBED_SWIFT_STANDARD_LIBRARIES = YES;
				BUNDLE_LOADER = "$(TEST_HOST)";
				CODE_SIGN_STYLE = Automatic;
				CURRENT_PROJECT_VERSION = 1;
				DEVELOPMENT_TEAM = U8T4Y7GT37;
				GENERATE_INFOPLIST_FILE = YES;
				IPHONEOS_DEPLOYMENT_TARGET = 15.2;
				MARKETING_VERSION = 1.0;
				PRODUCT_BUNDLE_IDENTIFIER = com.xuliran.MyProductTests;
				PRODUCT_NAME = "$(TARGET_NAME)";
				SWIFT_EMIT_LOC_STRINGS = NO;
				TARGETED_DEVICE_FAMILY = "1,2";
				TEST_HOST = "$(BUILT_PRODUCTS_DIR)/MyProduct.app/MyProduct";
			};
			name = Release;
		};
		2EB3FA1C28C5F9D300026ACE /* Debug */ = {
			isa = XCBuildConfiguration;
			baseConfigurationReference = FEE53F1028D7D6B8A6493B8F /* Pods-MyProduct-MyProductUITests.debug.xcconfig */;
			buildSettings = {
				ALWAYS_EMBED_SWIFT_STANDARD_LIBRARIES = YES;
				CODE_SIGN_STYLE = Automatic;
				CURRENT_PROJECT_VERSION = 1;
				DEVELOPMENT_TEAM = U8T4Y7GT37;
				GENERATE_INFOPLIST_FILE = YES;
				MARKETING_VERSION = 1.0;
				PRODUCT_BUNDLE_IDENTIFIER = com.xuliran.MyProductUITests;
				PRODUCT_NAME = "$(TARGET_NAME)";
				SWIFT_EMIT_LOC_STRINGS = NO;
				TARGETED_DEVICE_FAMILY = "1,2";
				TEST_TARGET_NAME = MyProduct;
			};
			name = Debug;
		};
		2EB3FA1D28C5F9D300026ACE /* Release */ = {
			isa = XCBuildConfiguration;
			baseConfigurationReference = 213CE0E904630BDFE6D74D43 /* Pods-MyProduct-MyProductUITests.release.xcconfig */;
			buildSettings = {
				ALWAYS_EMBED_SWIFT_STANDARD_LIBRARIES = YES;
				CODE_SIGN_STYLE = Automatic;
				CURRENT_PROJECT_VERSION = 1;
				DEVELOPMENT_TEAM = U8T4Y7GT37;
				GENERATE_INFOPLIST_FILE = YES;
				MARKETING_VERSION = 1.0;
				PRODUCT_BUNDLE_IDENTIFIER = com.xuliran.MyProductUITests;
				PRODUCT_NAME = "$(TARGET_NAME)";
				SWIFT_EMIT_LOC_STRINGS = NO;
				TARGETED_DEVICE_FAMILY = "1,2";
				TEST_TARGET_NAME = MyProduct;
			};
			name = Release;
		};
/* End XCBuildConfiguration section */

/* Begin XCConfigurationList section */
		2EB3F9E128C5F9D100026ACE /* Build configuration list for PBXProject "MyProduct" */ = {
			isa = XCConfigurationList;
			buildConfigurations = (
				2EB3FA1328C5F9D300026ACE /* Debug */,
				2EB3FA1428C5F9D300026ACE /* Release */,
			);
			defaultConfigurationIsVisible = 0;
			defaultConfigurationName = Release;
		};
		2EB3FA1528C5F9D300026ACE /* Build configuration list for PBXNativeTarget "MyProduct" */ = {
			isa = XCConfigurationList;
			buildConfigurations = (
				2EB3FA1628C5F9D300026ACE /* Debug */,
				2EB3FA1728C5F9D300026ACE /* Release */,
			);
			defaultConfigurationIsVisible = 0;
			defaultConfigurationName = Release;
		};
		2EB3FA1828C5F9D300026ACE /* Build configuration list for PBXNativeTarget "MyProductTests" */ = {
			isa = XCConfigurationList;
			buildConfigurations = (
				2EB3FA1928C5F9D300026ACE /* Debug */,
				2EB3FA1A28C5F9D300026ACE /* Release */,
			);
			defaultConfigurationIsVisible = 0;
			defaultConfigurationName = Release;
		};
		2EB3FA1B28C5F9D300026ACE /* Build configuration list for PBXNativeTarget "MyProductUITests" */ = {
			isa = XCConfigurationList;
			buildConfigurations = (
				2EB3FA1C28C5F9D300026ACE /* Debug */,
				2EB3FA1D28C5F9D300026ACE /* Release */,
			);
			defaultConfigurationIsVisible = 0;
			defaultConfigurationName = Release;
		};
/* End XCConfigurationList section */
	};
	rootObject = 2EB3F9DE28C5F9D100026ACE /* Project object */;
}
